
Microsoft Visual Studio Solution File, Format Version 12.00
# Visual Studio Version 16
VisualStudioVersion = 16.0.29009.5
MinimumVisualStudioVersion = 10.0.40219.1
Project("{FAE04EC0-301F-11D3-BF4B-00C04F79EFBC}") = "EasyLOB.Library", "EasyLOB.Library\EasyLOB.Library\EasyLOB.Library.csproj", "{55B7716B-36A3-442D-9E9E-9CAAB7DB592E}"
EndProject
Project("{2150E333-8FDC-42A3-9474-1A3956D46DE8}") = "Library", "Library", "{1EB40F67-2CC2-4B0E-B601-76D76B9ABA12}"
EndProject
Project("{2150E333-8FDC-42A3-9474-1A3956D46DE8}") = "Data", "Data", "{4D8E5A01-B9F3-460F-B827-8F5E62D788F5}"
EndProject
Project("{2150E333-8FDC-42A3-9474-1A3956D46DE8}") = "Identity", "Identity", "{855C507B-4A58-4ADE-8952-97C08EF34023}"
EndProject
Project("{FAE04EC0-301F-11D3-BF4B-00C04F79EFBC}") = "EasyLOB.Identity", "EasyLOB.Identity\EasyLOB.Identity\EasyLOB.Identity.csproj", "{9416C420-CD94-44DF-9E0C-55DD7C0077AA}"
EndProject
Project("{2150E333-8FDC-42A3-9474-1A3956D46DE8}") = "Activity", "Activity", "{41CCE2B5-92A8-4378-94B7-FEB24088EBE3}"
EndProject
Project("{FAE04EC0-301F-11D3-BF4B-00C04F79EFBC}") = "EasyLOB.IdentityEntityFramework", "EasyLOB.Identity\EasyLOB.IdentityEntityFramework\EasyLOB.IdentityEntityFramework.csproj", "{72CCB99A-7C74-4D24-B2BD-E8928A0EB936}"
EndProject
Project("{FAE04EC0-301F-11D3-BF4B-00C04F79EFBC}") = "EasyLOB.IdentityNHibernate", "EasyLOB.Identity\EasyLOB.IdentityNHibernate\EasyLOB.IdentityNHibernate.csproj", "{6E467E81-5C4B-4B97-822A-DF8D4E1B3C07}"
EndProject
Project("{2150E333-8FDC-42A3-9474-1A3956D46DE8}") = "Application", "Application", "{E6B77634-4920-4E06-9B40-3203957FC757}"
EndProject
Project("{2150E333-8FDC-42A3-9474-1A3956D46DE8}") = "Persistence", "Persistence", "{79AD6FB8-0CBD-4A17-8EB6-DC96B7FC16C6}"
EndProject
Project("{FAE04EC0-301F-11D3-BF4B-00C04F79EFBC}") = "EasyLOB.Application", "EasyLOB.Application\EasyLOB.Application\EasyLOB.Application.csproj", "{90D108E3-3DEA-45AC-84A5-53DE6FFA9FF5}"
EndProject
Project("{FAE04EC0-301F-11D3-BF4B-00C04F79EFBC}") = "EasyLOB.Persistence", "EasyLOB.Persistence\EasyLOB.Persistence\EasyLOB.Persistence.csproj", "{35433610-CB14-4909-B890-2150B6443A25}"
EndProject
Project("{FAE04EC0-301F-11D3-BF4B-00C04F79EFBC}") = "EasyLOB.PersistenceEntityFramework", "EasyLOB.Persistence\EasyLOB.PersistenceEntityFramework\EasyLOB.PersistenceEntityFramework.csproj", "{97A09B32-5D2F-448A-B114-68A85AD2499E}"
EndProject
Project("{FAE04EC0-301F-11D3-BF4B-00C04F79EFBC}") = "EasyLOB.PersistenceNHibernate", "EasyLOB.Persistence\EasyLOB.PersistenceNHibernate\EasyLOB.PersistenceNHibernate.csproj", "{FE71A014-1922-476C-A27A-F0A819C38E7E}"
EndProject
Project("{FAE04EC0-301F-11D3-BF4B-00C04F79EFBC}") = "EasyLOB.Activity", "EasyLOB.Activity\EasyLOB.Activity\EasyLOB.Activity.csproj", "{D8FB9C93-4224-4EEA-AC7A-68435DA6065E}"
EndProject
Project("{2150E333-8FDC-42A3-9474-1A3956D46DE8}") = "Security", "Security", "{2F75A44B-DDBA-4461-A316-3B1FC5261A90}"
EndProject
Project("{FAE04EC0-301F-11D3-BF4B-00C04F79EFBC}") = "EasyLOB.Identity.Application", "EasyLOB.Identity\EasyLOB.Identity.Application\EasyLOB.Identity.Application.csproj", "{7FE3FCB5-79CD-48AF-83A8-A1B30A58587D}"
EndProject
Project("{FAE04EC0-301F-11D3-BF4B-00C04F79EFBC}") = "EasyLOB.Identity.PersistenceEntityFramework", "EasyLOB.Identity\EasyLOB.Identity.PersistenceEntityFramework\EasyLOB.Identity.PersistenceEntityFramework.csproj", "{A180A6B6-1543-4E97-B37E-43A33ECFE07A}"
EndProject
Project("{FAE04EC0-301F-11D3-BF4B-00C04F79EFBC}") = "EasyLOB.Identity.Data", "EasyLOB.Identity\EasyLOB.Identity.Data\EasyLOB.Identity.Data.csproj", "{637E4C69-DAF3-4C5D-99AC-241EF3FCEE31}"
EndProject
Project("{FAE04EC0-301F-11D3-BF4B-00C04F79EFBC}") = "EasyLOB.Identity.PersistenceNHibernate", "EasyLOB.Identity\EasyLOB.Identity.PersistenceNHibernate\EasyLOB.Identity.PersistenceNHibernate.csproj", "{25223AEF-D330-40E5-A60F-36D481558681}"
EndProject
Project("{FAE04EC0-301F-11D3-BF4B-00C04F79EFBC}") = "EasyLOB.PersistenceMongoDB", "EasyLOB.Persistence\EasyLOB.PersistenceMongoDB\EasyLOB.PersistenceMongoDB.csproj", "{15AC1B9F-8417-4239-B22B-964772FE8572}"
EndProject
Project("{FAE04EC0-301F-11D3-BF4B-00C04F79EFBC}") = "EasyLOB.PersistenceLINQ2DB", "EasyLOB.Persistence\EasyLOB.PersistenceLINQ2DB\EasyLOB.PersistenceLINQ2DB.csproj", "{50DF4579-2559-46EB-83DC-032EC732B5B9}"
EndProject
Project("{FAE04EC0-301F-11D3-BF4B-00C04F79EFBC}") = "EasyLOB.PersistenceOData", "EasyLOB.Persistence\EasyLOB.PersistenceOData\EasyLOB.PersistenceOData.csproj", "{20270D4B-CB90-4C73-AB84-D443E8292104}"
EndProject
Project("{FAE04EC0-301F-11D3-BF4B-00C04F79EFBC}") = "EasyLOB.Data", "EasyLOB.Data\EasyLOB.Data\EasyLOB.Data.csproj", "{1F89F104-C08B-4537-A9A8-5C51C53376F0}"
EndProject
Project("{2150E333-8FDC-42A3-9474-1A3956D46DE8}") = "Extensions", "Extensions", "{5D63C02A-EF7C-48B4-AE88-12DCA81036AD}"
EndProject
Project("{FAE04EC0-301F-11D3-BF4B-00C04F79EFBC}") = "EasyLOB.PersistenceRedis", "EasyLOB.Persistence\EasyLOB.PersistenceRedis\EasyLOB.PersistenceRedis.csproj", "{C06915C5-067B-4D09-870A-98F32FD2B0F3}"
EndProject
Project("{2150E333-8FDC-42A3-9474-1A3956D46DE8}") = "Audit Trail", "Audit Trail", "{8F939D55-9425-4985-9123-78274100DB0B}"
EndProject
Project("{FAE04EC0-301F-11D3-BF4B-00C04F79EFBC}") = "EasyLOB.AuditTrail", "EasyLOB.AuditTrail\EasyLOB.AuditTrail\EasyLOB.AuditTrail.csproj", "{68555183-7E6F-4B6C-A908-63276D1AC73D}"
EndProject
Project("{FAE04EC0-301F-11D3-BF4B-00C04F79EFBC}") = "EasyLOB.AuditTrail.Application", "EasyLOB.AuditTrail\EasyLOB.AuditTrail.Application\EasyLOB.AuditTrail.Application.csproj", "{87A7E2EE-A7AB-4B8C-865C-C534D5E622F6}"
EndProject
Project("{FAE04EC0-301F-11D3-BF4B-00C04F79EFBC}") = "EasyLOB.AuditTrail.Data", "EasyLOB.AuditTrail\EasyLOB.AuditTrail.Data\EasyLOB.AuditTrail.Data.csproj", "{C1271AA6-876D-4D3F-AF2E-3F5097C232D3}"
EndProject
Project("{FAE04EC0-301F-11D3-BF4B-00C04F79EFBC}") = "EasyLOB.AuditTrail.PersistenceEntityFramework", "EasyLOB.AuditTrail\EasyLOB.AuditTrail.PersistenceEntityFramework\EasyLOB.AuditTrail.PersistenceEntityFramework.csproj", "{AEE9B888-51E7-4083-877E-C5C76C3ACBAF}"
EndProject
Project("{2150E333-8FDC-42A3-9474-1A3956D46DE8}") = "Log", "Log", "{17930A9D-CD9F-404C-84A3-3A28022C8303}"
EndProject
Project("{FAE04EC0-301F-11D3-BF4B-00C04F79EFBC}") = "EasyLOB.Log", "EasyLOB.Log\EasyLOB.Log\EasyLOB.Log.csproj", "{0352F43E-27DF-4FCE-86BC-DA3F6EAD005A}"
EndProject
Project("{FAE04EC0-301F-11D3-BF4B-00C04F79EFBC}") = "EasyLOB.AuditTrailManager", "EasyLOB.AuditTrail\EasyLOB.AuditTrailManager\EasyLOB.AuditTrailManager.csproj", "{3ACD8D6B-B302-477A-AAF6-3383F3990F10}"
EndProject
Project("{FAE04EC0-301F-11D3-BF4B-00C04F79EFBC}") = "EasyLOB.LogNLog", "EasyLOB.Log\EasyLOB.LogNLog\EasyLOB.LogNLog.csproj", "{81E6E9D2-E870-46EE-9FCB-3EE959479A87}"
EndProject
Project("{FAE04EC0-301F-11D3-BF4B-00C04F79EFBC}") = "EasyLOB.Extensions.Edm", "EasyLOB.Extensions\EasyLOB.Extensions.Edm\EasyLOB.Extensions.Edm.csproj", "{E876D7FB-2103-44D7-84D1-2DB735423C9C}"
EndProject
Project("{FAE04EC0-301F-11D3-BF4B-00C04F79EFBC}") = "EasyLOB.Extensions.Mail", "EasyLOB.Extensions\EasyLOB.Extensions.Mail\EasyLOB.Extensions.Mail.csproj", "{2D9412E9-8719-4BDA-9957-F4E9DF5DEB8F}"
EndProject
Project("{FAE04EC0-301F-11D3-BF4B-00C04F79EFBC}") = "EasyLOB.Extensions.Ini", "EasyLOB.Extensions\EasyLOB.Extensions.Ini\EasyLOB.Extensions.Ini.csproj", "{7A3B48CD-B1EF-494E-8692-6D8A26997F07}"
EndProject
Project("{FAE04EC0-301F-11D3-BF4B-00C04F79EFBC}") = "EasyLOB.PersistenceRavenDB", "EasyLOB.Persistence\EasyLOB.PersistenceRavenDB\EasyLOB.PersistenceRavenDB.csproj", "{530C1720-7CAF-407D-AD81-AA1A1FCBEB1E}"
EndProject
Project("{FAE04EC0-301F-11D3-BF4B-00C04F79EFBC}") = "EasyLOB.AuditTrail.PersistenceNHibernate", "EasyLOB.AuditTrail\EasyLOB.AuditTrail.PersistenceNHibernate\EasyLOB.AuditTrail.PersistenceNHibernate.csproj", "{EA6C8A0A-70FB-4D4A-B32B-BAFD3C1F0060}"
EndProject
Project("{FAE04EC0-301F-11D3-BF4B-00C04F79EFBC}") = "EasyLOB.AuditTrail.PersistenceLINQ2DB", "EasyLOB.AuditTrail\EasyLOB.AuditTrail.PersistenceLINQ2DB\EasyLOB.AuditTrail.PersistenceLINQ2DB.csproj", "{FE30E167-5757-4E5B-8D7B-AC86070F82F6}"
EndProject
Project("{2150E333-8FDC-42A3-9474-1A3956D46DE8}") = "Audit Trail", "Audit Trail", "{986F14C0-F7AB-4D84-8B85-B28B2896C972}"
EndProject
Project("{2150E333-8FDC-42A3-9474-1A3956D46DE8}") = "Identity", "Identity", "{4CDA259A-FA6A-48A7-931B-53F3A23D1C0A}"
EndProject
Project("{2150E333-8FDC-42A3-9474-1A3956D46DE8}") = "Activity", "Activity", "{1123A4B4-334E-462C-B8E3-C0948F673FC1}"
EndProject
Project("{FAE04EC0-301F-11D3-BF4B-00C04F79EFBC}") = "EasyLOB.Activity.Data", "EasyLOB.Activity\EasyLOB.Activity.Data\EasyLOB.Activity.Data.csproj", "{3FD320BD-301C-4702-807A-79BD097FEE0F}"
EndProject
Project("{FAE04EC0-301F-11D3-BF4B-00C04F79EFBC}") = "EasyLOB.Activity.PersistenceEntityFramework", "EasyLOB.Activity\EasyLOB.Activity.PersistenceEntityFramework\EasyLOB.Activity.PersistenceEntityFramework.csproj", "{3DDA15BD-751B-4AFC-8567-C1A9D466B705}"
EndProject
Project("{FAE04EC0-301F-11D3-BF4B-00C04F79EFBC}") = "EasyLOB.Activity.PersistenceNHibernate", "EasyLOB.Activity\EasyLOB.Activity.PersistenceNHibernate\EasyLOB.Activity.PersistenceNHibernate.csproj", "{9951C29F-750E-4A76-9236-89F56580693D}"
EndProject
Project("{FAE04EC0-301F-11D3-BF4B-00C04F79EFBC}") = "EasyLOB.Activity.Application", "EasyLOB.Activity\EasyLOB.Activity.Application\EasyLOB.Activity.Application.csproj", "{B8A988B8-206E-4EAA-B450-08073E56AE32}"
EndProject
Project("{FAE04EC0-301F-11D3-BF4B-00C04F79EFBC}") = "EasyLOB.Security", "EasyLOB.Security\EasyLOB.Security\EasyLOB.Security.csproj", "{CD519BED-67D7-4BE8-A3A5-7DDAD88CEED5}"
EndProject
Project("{FAE04EC0-301F-11D3-BF4B-00C04F79EFBC}") = "EasyLOB.Activity.PersistenceLINQ2DB", "EasyLOB.Activity\EasyLOB.Activity.PersistenceLINQ2DB\EasyLOB.Activity.PersistenceLINQ2DB.csproj", "{74D4FBC6-CA3A-499C-BF06-9AADB713467F}"
EndProject
Project("{FAE04EC0-301F-11D3-BF4B-00C04F79EFBC}") = "EasyLOB", "EasyLOB\EasyLOB.csproj", "{6706907A-8932-46E7-A1C8-7575130FF8F7}"
EndProject
Project("{FAE04EC0-301F-11D3-BF4B-00C04F79EFBC}") = "EasyLOB.Shell", "EasyLOB.Shell\EasyLOB.Shell.csproj", "{E57D18D3-26C8-4C79-B831-055EA2DF4504}"
EndProject
Project("{2150E333-8FDC-42A3-9474-1A3956D46DE8}") = "1 - Presentation", "1 - Presentation", "{16617A51-3D9C-4446-9B3B-D2004F5F6266}"
EndProject
Project("{2150E333-8FDC-42A3-9474-1A3956D46DE8}") = "Z - EasyLOB Core", "Z - EasyLOB Core", "{A2DC3B33-3CE1-48A2-9E81-D7AB2FFDED53}"
EndProject
Project("{2150E333-8FDC-42A3-9474-1A3956D46DE8}") = "DI", "DI", "{A4605EC3-B183-426D-A6FA-076B2E3D3249}"
EndProject
Project("{FAE04EC0-301F-11D3-BF4B-00C04F79EFBC}") = "EasyLOB.DIUnity", "EasyLOB.DI\EasyLOB.DIUnity\EasyLOB.DIUnity.csproj", "{7B6433B4-6151-4BF5-AF3F-9BB76CE96D75}"
EndProject
Project("{2150E333-8FDC-42A3-9474-1A3956D46DE8}") = "0 - Unit Test", "0 - Unit Test", "{97D40582-4DD0-442C-94DD-0B7C99247437}"
EndProject
Project("{2150E333-8FDC-42A3-9474-1A3956D46DE8}") = "Environment", "Environment", "{DBDEDCFA-EB00-46F0-8485-AE89E8D4B215}"
EndProject
Project("{FAE04EC0-301F-11D3-BF4B-00C04F79EFBC}") = "EasyLOB.Environment.Desktop", "EasyLOB.Environment\EasyLOB.Environment.Desktop\EasyLOB.Environment.Desktop.csproj", "{1C591ACF-69AF-4296-BACD-2C3FF278D6C5}"
EndProject
Project("{FAE04EC0-301F-11D3-BF4B-00C04F79EFBC}") = "EasyLOB.Environment.Web", "EasyLOB.Environment\EasyLOB.Environment.Web\EasyLOB.Environment.Web.csproj", "{050FC4D2-38B7-43B4-B6C5-267D07E87799}"
EndProject
Project("{FAE04EC0-301F-11D3-BF4B-00C04F79EFBC}") = "EasyLOB.Environment", "EasyLOB.Environment\EasyLOB.Environment\EasyLOB.Environment.csproj", "{52DF21CD-3CCA-4AA4-A013-785E4BC8CAC2}"
EndProject
Global
	GlobalSection(SolutionConfigurationPlatforms) = preSolution
		Debug|Any CPU = Debug|Any CPU
		Release|Any CPU = Release|Any CPU
	EndGlobalSection
	GlobalSection(ProjectConfigurationPlatforms) = postSolution
		{55B7716B-36A3-442D-9E9E-9CAAB7DB592E}.Debug|Any CPU.ActiveCfg = Debug|Any CPU
		{55B7716B-36A3-442D-9E9E-9CAAB7DB592E}.Debug|Any CPU.Build.0 = Debug|Any CPU
		{55B7716B-36A3-442D-9E9E-9CAAB7DB592E}.Release|Any CPU.ActiveCfg = Release|Any CPU
		{55B7716B-36A3-442D-9E9E-9CAAB7DB592E}.Release|Any CPU.Build.0 = Release|Any CPU
		{9416C420-CD94-44DF-9E0C-55DD7C0077AA}.Debug|Any CPU.ActiveCfg = Debug|Any CPU
		{9416C420-CD94-44DF-9E0C-55DD7C0077AA}.Debug|Any CPU.Build.0 = Debug|Any CPU
		{9416C420-CD94-44DF-9E0C-55DD7C0077AA}.Release|Any CPU.ActiveCfg = Release|Any CPU
		{9416C420-CD94-44DF-9E0C-55DD7C0077AA}.Release|Any CPU.Build.0 = Release|Any CPU
		{72CCB99A-7C74-4D24-B2BD-E8928A0EB936}.Debug|Any CPU.ActiveCfg = Debug|Any CPU
		{72CCB99A-7C74-4D24-B2BD-E8928A0EB936}.Debug|Any CPU.Build.0 = Debug|Any CPU
		{72CCB99A-7C74-4D24-B2BD-E8928A0EB936}.Release|Any CPU.ActiveCfg = Release|Any CPU
		{72CCB99A-7C74-4D24-B2BD-E8928A0EB936}.Release|Any CPU.Build.0 = Release|Any CPU
		{6E467E81-5C4B-4B97-822A-DF8D4E1B3C07}.Debug|Any CPU.ActiveCfg = Debug|Any CPU
		{6E467E81-5C4B-4B97-822A-DF8D4E1B3C07}.Debug|Any CPU.Build.0 = Debug|Any CPU
		{6E467E81-5C4B-4B97-822A-DF8D4E1B3C07}.Release|Any CPU.ActiveCfg = Release|Any CPU
		{6E467E81-5C4B-4B97-822A-DF8D4E1B3C07}.Release|Any CPU.Build.0 = Release|Any CPU
		{90D108E3-3DEA-45AC-84A5-53DE6FFA9FF5}.Debug|Any CPU.ActiveCfg = Debug|Any CPU
		{90D108E3-3DEA-45AC-84A5-53DE6FFA9FF5}.Debug|Any CPU.Build.0 = Debug|Any CPU
		{90D108E3-3DEA-45AC-84A5-53DE6FFA9FF5}.Release|Any CPU.ActiveCfg = Release|Any CPU
		{90D108E3-3DEA-45AC-84A5-53DE6FFA9FF5}.Release|Any CPU.Build.0 = Release|Any CPU
		{35433610-CB14-4909-B890-2150B6443A25}.Debug|Any CPU.ActiveCfg = Debug|Any CPU
		{35433610-CB14-4909-B890-2150B6443A25}.Debug|Any CPU.Build.0 = Debug|Any CPU
		{35433610-CB14-4909-B890-2150B6443A25}.Release|Any CPU.ActiveCfg = Release|Any CPU
		{35433610-CB14-4909-B890-2150B6443A25}.Release|Any CPU.Build.0 = Release|Any CPU
		{97A09B32-5D2F-448A-B114-68A85AD2499E}.Debug|Any CPU.ActiveCfg = Debug|Any CPU
		{97A09B32-5D2F-448A-B114-68A85AD2499E}.Debug|Any CPU.Build.0 = Debug|Any CPU
		{97A09B32-5D2F-448A-B114-68A85AD2499E}.Release|Any CPU.ActiveCfg = Release|Any CPU
		{97A09B32-5D2F-448A-B114-68A85AD2499E}.Release|Any CPU.Build.0 = Release|Any CPU
		{FE71A014-1922-476C-A27A-F0A819C38E7E}.Debug|Any CPU.ActiveCfg = Debug|Any CPU
		{FE71A014-1922-476C-A27A-F0A819C38E7E}.Debug|Any CPU.Build.0 = Debug|Any CPU
		{FE71A014-1922-476C-A27A-F0A819C38E7E}.Release|Any CPU.ActiveCfg = Release|Any CPU
		{FE71A014-1922-476C-A27A-F0A819C38E7E}.Release|Any CPU.Build.0 = Release|Any CPU
		{D8FB9C93-4224-4EEA-AC7A-68435DA6065E}.Debug|Any CPU.ActiveCfg = Debug|Any CPU
		{D8FB9C93-4224-4EEA-AC7A-68435DA6065E}.Debug|Any CPU.Build.0 = Debug|Any CPU
		{D8FB9C93-4224-4EEA-AC7A-68435DA6065E}.Release|Any CPU.ActiveCfg = Release|Any CPU
		{D8FB9C93-4224-4EEA-AC7A-68435DA6065E}.Release|Any CPU.Build.0 = Release|Any CPU
		{7FE3FCB5-79CD-48AF-83A8-A1B30A58587D}.Debug|Any CPU.ActiveCfg = Debug|Any CPU
		{7FE3FCB5-79CD-48AF-83A8-A1B30A58587D}.Debug|Any CPU.Build.0 = Debug|Any CPU
		{7FE3FCB5-79CD-48AF-83A8-A1B30A58587D}.Release|Any CPU.ActiveCfg = Release|Any CPU
		{7FE3FCB5-79CD-48AF-83A8-A1B30A58587D}.Release|Any CPU.Build.0 = Release|Any CPU
		{A180A6B6-1543-4E97-B37E-43A33ECFE07A}.Debug|Any CPU.ActiveCfg = Debug|Any CPU
		{A180A6B6-1543-4E97-B37E-43A33ECFE07A}.Debug|Any CPU.Build.0 = Debug|Any CPU
		{A180A6B6-1543-4E97-B37E-43A33ECFE07A}.Release|Any CPU.ActiveCfg = Release|Any CPU
		{A180A6B6-1543-4E97-B37E-43A33ECFE07A}.Release|Any CPU.Build.0 = Release|Any CPU
		{637E4C69-DAF3-4C5D-99AC-241EF3FCEE31}.Debug|Any CPU.ActiveCfg = Debug|Any CPU
		{637E4C69-DAF3-4C5D-99AC-241EF3FCEE31}.Debug|Any CPU.Build.0 = Debug|Any CPU
		{637E4C69-DAF3-4C5D-99AC-241EF3FCEE31}.Release|Any CPU.ActiveCfg = Release|Any CPU
		{637E4C69-DAF3-4C5D-99AC-241EF3FCEE31}.Release|Any CPU.Build.0 = Release|Any CPU
		{25223AEF-D330-40E5-A60F-36D481558681}.Debug|Any CPU.ActiveCfg = Debug|Any CPU
		{25223AEF-D330-40E5-A60F-36D481558681}.Debug|Any CPU.Build.0 = Debug|Any CPU
		{25223AEF-D330-40E5-A60F-36D481558681}.Release|Any CPU.ActiveCfg = Release|Any CPU
		{25223AEF-D330-40E5-A60F-36D481558681}.Release|Any CPU.Build.0 = Release|Any CPU
		{15AC1B9F-8417-4239-B22B-964772FE8572}.Debug|Any CPU.ActiveCfg = Debug|Any CPU
		{15AC1B9F-8417-4239-B22B-964772FE8572}.Debug|Any CPU.Build.0 = Debug|Any CPU
		{15AC1B9F-8417-4239-B22B-964772FE8572}.Release|Any CPU.ActiveCfg = Release|Any CPU
		{15AC1B9F-8417-4239-B22B-964772FE8572}.Release|Any CPU.Build.0 = Release|Any CPU
		{50DF4579-2559-46EB-83DC-032EC732B5B9}.Debug|Any CPU.ActiveCfg = Debug|Any CPU
		{50DF4579-2559-46EB-83DC-032EC732B5B9}.Debug|Any CPU.Build.0 = Debug|Any CPU
		{50DF4579-2559-46EB-83DC-032EC732B5B9}.Release|Any CPU.ActiveCfg = Release|Any CPU
		{50DF4579-2559-46EB-83DC-032EC732B5B9}.Release|Any CPU.Build.0 = Release|Any CPU
		{20270D4B-CB90-4C73-AB84-D443E8292104}.Debug|Any CPU.ActiveCfg = Debug|Any CPU
		{20270D4B-CB90-4C73-AB84-D443E8292104}.Debug|Any CPU.Build.0 = Debug|Any CPU
		{20270D4B-CB90-4C73-AB84-D443E8292104}.Release|Any CPU.ActiveCfg = Release|Any CPU
		{20270D4B-CB90-4C73-AB84-D443E8292104}.Release|Any CPU.Build.0 = Release|Any CPU
		{1F89F104-C08B-4537-A9A8-5C51C53376F0}.Debug|Any CPU.ActiveCfg = Debug|Any CPU
		{1F89F104-C08B-4537-A9A8-5C51C53376F0}.Debug|Any CPU.Build.0 = Debug|Any CPU
		{1F89F104-C08B-4537-A9A8-5C51C53376F0}.Release|Any CPU.ActiveCfg = Release|Any CPU
		{1F89F104-C08B-4537-A9A8-5C51C53376F0}.Release|Any CPU.Build.0 = Release|Any CPU
		{C06915C5-067B-4D09-870A-98F32FD2B0F3}.Debug|Any CPU.ActiveCfg = Debug|Any CPU
		{C06915C5-067B-4D09-870A-98F32FD2B0F3}.Debug|Any CPU.Build.0 = Debug|Any CPU
		{C06915C5-067B-4D09-870A-98F32FD2B0F3}.Release|Any CPU.ActiveCfg = Release|Any CPU
		{C06915C5-067B-4D09-870A-98F32FD2B0F3}.Release|Any CPU.Build.0 = Release|Any CPU
		{68555183-7E6F-4B6C-A908-63276D1AC73D}.Debug|Any CPU.ActiveCfg = Debug|Any CPU
		{68555183-7E6F-4B6C-A908-63276D1AC73D}.Debug|Any CPU.Build.0 = Debug|Any CPU
		{68555183-7E6F-4B6C-A908-63276D1AC73D}.Release|Any CPU.ActiveCfg = Release|Any CPU
		{68555183-7E6F-4B6C-A908-63276D1AC73D}.Release|Any CPU.Build.0 = Release|Any CPU
		{87A7E2EE-A7AB-4B8C-865C-C534D5E622F6}.Debug|Any CPU.ActiveCfg = Debug|Any CPU
		{87A7E2EE-A7AB-4B8C-865C-C534D5E622F6}.Debug|Any CPU.Build.0 = Debug|Any CPU
		{87A7E2EE-A7AB-4B8C-865C-C534D5E622F6}.Release|Any CPU.ActiveCfg = Release|Any CPU
		{87A7E2EE-A7AB-4B8C-865C-C534D5E622F6}.Release|Any CPU.Build.0 = Release|Any CPU
		{C1271AA6-876D-4D3F-AF2E-3F5097C232D3}.Debug|Any CPU.ActiveCfg = Debug|Any CPU
		{C1271AA6-876D-4D3F-AF2E-3F5097C232D3}.Debug|Any CPU.Build.0 = Debug|Any CPU
		{C1271AA6-876D-4D3F-AF2E-3F5097C232D3}.Release|Any CPU.ActiveCfg = Release|Any CPU
		{C1271AA6-876D-4D3F-AF2E-3F5097C232D3}.Release|Any CPU.Build.0 = Release|Any CPU
		{AEE9B888-51E7-4083-877E-C5C76C3ACBAF}.Debug|Any CPU.ActiveCfg = Debug|Any CPU
		{AEE9B888-51E7-4083-877E-C5C76C3ACBAF}.Debug|Any CPU.Build.0 = Debug|Any CPU
		{AEE9B888-51E7-4083-877E-C5C76C3ACBAF}.Release|Any CPU.ActiveCfg = Release|Any CPU
		{AEE9B888-51E7-4083-877E-C5C76C3ACBAF}.Release|Any CPU.Build.0 = Release|Any CPU
		{0352F43E-27DF-4FCE-86BC-DA3F6EAD005A}.Debug|Any CPU.ActiveCfg = Debug|Any CPU
		{0352F43E-27DF-4FCE-86BC-DA3F6EAD005A}.Debug|Any CPU.Build.0 = Debug|Any CPU
		{0352F43E-27DF-4FCE-86BC-DA3F6EAD005A}.Release|Any CPU.ActiveCfg = Release|Any CPU
		{0352F43E-27DF-4FCE-86BC-DA3F6EAD005A}.Release|Any CPU.Build.0 = Release|Any CPU
		{3ACD8D6B-B302-477A-AAF6-3383F3990F10}.Debug|Any CPU.ActiveCfg = Debug|Any CPU
		{3ACD8D6B-B302-477A-AAF6-3383F3990F10}.Debug|Any CPU.Build.0 = Debug|Any CPU
		{3ACD8D6B-B302-477A-AAF6-3383F3990F10}.Release|Any CPU.ActiveCfg = Release|Any CPU
		{3ACD8D6B-B302-477A-AAF6-3383F3990F10}.Release|Any CPU.Build.0 = Release|Any CPU
		{81E6E9D2-E870-46EE-9FCB-3EE959479A87}.Debug|Any CPU.ActiveCfg = Debug|Any CPU
		{81E6E9D2-E870-46EE-9FCB-3EE959479A87}.Debug|Any CPU.Build.0 = Debug|Any CPU
		{81E6E9D2-E870-46EE-9FCB-3EE959479A87}.Release|Any CPU.ActiveCfg = Release|Any CPU
		{81E6E9D2-E870-46EE-9FCB-3EE959479A87}.Release|Any CPU.Build.0 = Release|Any CPU
		{E876D7FB-2103-44D7-84D1-2DB735423C9C}.Debug|Any CPU.ActiveCfg = Debug|Any CPU
		{E876D7FB-2103-44D7-84D1-2DB735423C9C}.Debug|Any CPU.Build.0 = Debug|Any CPU
		{E876D7FB-2103-44D7-84D1-2DB735423C9C}.Release|Any CPU.ActiveCfg = Release|Any CPU
		{E876D7FB-2103-44D7-84D1-2DB735423C9C}.Release|Any CPU.Build.0 = Release|Any CPU
		{2D9412E9-8719-4BDA-9957-F4E9DF5DEB8F}.Debug|Any CPU.ActiveCfg = Debug|Any CPU
		{2D9412E9-8719-4BDA-9957-F4E9DF5DEB8F}.Debug|Any CPU.Build.0 = Debug|Any CPU
		{2D9412E9-8719-4BDA-9957-F4E9DF5DEB8F}.Release|Any CPU.ActiveCfg = Release|Any CPU
		{2D9412E9-8719-4BDA-9957-F4E9DF5DEB8F}.Release|Any CPU.Build.0 = Release|Any CPU
		{7A3B48CD-B1EF-494E-8692-6D8A26997F07}.Debug|Any CPU.ActiveCfg = Debug|Any CPU
		{7A3B48CD-B1EF-494E-8692-6D8A26997F07}.Debug|Any CPU.Build.0 = Debug|Any CPU
		{7A3B48CD-B1EF-494E-8692-6D8A26997F07}.Release|Any CPU.ActiveCfg = Release|Any CPU
		{7A3B48CD-B1EF-494E-8692-6D8A26997F07}.Release|Any CPU.Build.0 = Release|Any CPU
		{530C1720-7CAF-407D-AD81-AA1A1FCBEB1E}.Debug|Any CPU.ActiveCfg = Debug|Any CPU
		{530C1720-7CAF-407D-AD81-AA1A1FCBEB1E}.Debug|Any CPU.Build.0 = Debug|Any CPU
		{530C1720-7CAF-407D-AD81-AA1A1FCBEB1E}.Release|Any CPU.ActiveCfg = Release|Any CPU
		{530C1720-7CAF-407D-AD81-AA1A1FCBEB1E}.Release|Any CPU.Build.0 = Release|Any CPU
		{EA6C8A0A-70FB-4D4A-B32B-BAFD3C1F0060}.Debug|Any CPU.ActiveCfg = Debug|Any CPU
		{EA6C8A0A-70FB-4D4A-B32B-BAFD3C1F0060}.Debug|Any CPU.Build.0 = Debug|Any CPU
		{EA6C8A0A-70FB-4D4A-B32B-BAFD3C1F0060}.Release|Any CPU.ActiveCfg = Release|Any CPU
		{EA6C8A0A-70FB-4D4A-B32B-BAFD3C1F0060}.Release|Any CPU.Build.0 = Release|Any CPU
		{FE30E167-5757-4E5B-8D7B-AC86070F82F6}.Debug|Any CPU.ActiveCfg = Debug|Any CPU
		{FE30E167-5757-4E5B-8D7B-AC86070F82F6}.Debug|Any CPU.Build.0 = Debug|Any CPU
		{FE30E167-5757-4E5B-8D7B-AC86070F82F6}.Release|Any CPU.ActiveCfg = Release|Any CPU
		{FE30E167-5757-4E5B-8D7B-AC86070F82F6}.Release|Any CPU.Build.0 = Release|Any CPU
		{3FD320BD-301C-4702-807A-79BD097FEE0F}.Debug|Any CPU.ActiveCfg = Debug|Any CPU
		{3FD320BD-301C-4702-807A-79BD097FEE0F}.Debug|Any CPU.Build.0 = Debug|Any CPU
		{3FD320BD-301C-4702-807A-79BD097FEE0F}.Release|Any CPU.ActiveCfg = Release|Any CPU
		{3FD320BD-301C-4702-807A-79BD097FEE0F}.Release|Any CPU.Build.0 = Release|Any CPU
		{3DDA15BD-751B-4AFC-8567-C1A9D466B705}.Debug|Any CPU.ActiveCfg = Debug|Any CPU
		{3DDA15BD-751B-4AFC-8567-C1A9D466B705}.Debug|Any CPU.Build.0 = Debug|Any CPU
		{3DDA15BD-751B-4AFC-8567-C1A9D466B705}.Release|Any CPU.ActiveCfg = Release|Any CPU
		{3DDA15BD-751B-4AFC-8567-C1A9D466B705}.Release|Any CPU.Build.0 = Release|Any CPU
		{9951C29F-750E-4A76-9236-89F56580693D}.Debug|Any CPU.ActiveCfg = Debug|Any CPU
		{9951C29F-750E-4A76-9236-89F56580693D}.Debug|Any CPU.Build.0 = Debug|Any CPU
		{9951C29F-750E-4A76-9236-89F56580693D}.Release|Any CPU.ActiveCfg = Release|Any CPU
		{9951C29F-750E-4A76-9236-89F56580693D}.Release|Any CPU.Build.0 = Release|Any CPU
		{B8A988B8-206E-4EAA-B450-08073E56AE32}.Debug|Any CPU.ActiveCfg = Debug|Any CPU
		{B8A988B8-206E-4EAA-B450-08073E56AE32}.Debug|Any CPU.Build.0 = Debug|Any CPU
		{B8A988B8-206E-4EAA-B450-08073E56AE32}.Release|Any CPU.ActiveCfg = Release|Any CPU
		{B8A988B8-206E-4EAA-B450-08073E56AE32}.Release|Any CPU.Build.0 = Release|Any CPU
		{CD519BED-67D7-4BE8-A3A5-7DDAD88CEED5}.Debug|Any CPU.ActiveCfg = Debug|Any CPU
		{CD519BED-67D7-4BE8-A3A5-7DDAD88CEED5}.Debug|Any CPU.Build.0 = Debug|Any CPU
		{CD519BED-67D7-4BE8-A3A5-7DDAD88CEED5}.Release|Any CPU.ActiveCfg = Release|Any CPU
		{CD519BED-67D7-4BE8-A3A5-7DDAD88CEED5}.Release|Any CPU.Build.0 = Release|Any CPU
		{74D4FBC6-CA3A-499C-BF06-9AADB713467F}.Debug|Any CPU.ActiveCfg = Debug|Any CPU
		{74D4FBC6-CA3A-499C-BF06-9AADB713467F}.Debug|Any CPU.Build.0 = Debug|Any CPU
		{74D4FBC6-CA3A-499C-BF06-9AADB713467F}.Release|Any CPU.ActiveCfg = Release|Any CPU
		{74D4FBC6-CA3A-499C-BF06-9AADB713467F}.Release|Any CPU.Build.0 = Release|Any CPU
		{6706907A-8932-46E7-A1C8-7575130FF8F7}.Debug|Any CPU.ActiveCfg = Debug|Any CPU
		{6706907A-8932-46E7-A1C8-7575130FF8F7}.Debug|Any CPU.Build.0 = Debug|Any CPU
		{6706907A-8932-46E7-A1C8-7575130FF8F7}.Release|Any CPU.ActiveCfg = Release|Any CPU
		{6706907A-8932-46E7-A1C8-7575130FF8F7}.Release|Any CPU.Build.0 = Release|Any CPU
		{E57D18D3-26C8-4C79-B831-055EA2DF4504}.Debug|Any CPU.ActiveCfg = Debug|Any CPU
		{E57D18D3-26C8-4C79-B831-055EA2DF4504}.Debug|Any CPU.Build.0 = Debug|Any CPU
		{E57D18D3-26C8-4C79-B831-055EA2DF4504}.Release|Any CPU.ActiveCfg = Release|Any CPU
		{E57D18D3-26C8-4C79-B831-055EA2DF4504}.Release|Any CPU.Build.0 = Release|Any CPU
		{7B6433B4-6151-4BF5-AF3F-9BB76CE96D75}.Debug|Any CPU.ActiveCfg = Debug|Any CPU
		{7B6433B4-6151-4BF5-AF3F-9BB76CE96D75}.Debug|Any CPU.Build.0 = Debug|Any CPU
		{7B6433B4-6151-4BF5-AF3F-9BB76CE96D75}.Release|Any CPU.ActiveCfg = Release|Any CPU
		{7B6433B4-6151-4BF5-AF3F-9BB76CE96D75}.Release|Any CPU.Build.0 = Release|Any CPU
		{1C591ACF-69AF-4296-BACD-2C3FF278D6C5}.Debug|Any CPU.ActiveCfg = Debug|Any CPU
		{1C591ACF-69AF-4296-BACD-2C3FF278D6C5}.Debug|Any CPU.Build.0 = Debug|Any CPU
		{1C591ACF-69AF-4296-BACD-2C3FF278D6C5}.Release|Any CPU.ActiveCfg = Release|Any CPU
		{1C591ACF-69AF-4296-BACD-2C3FF278D6C5}.Release|Any CPU.Build.0 = Release|Any CPU
		{050FC4D2-38B7-43B4-B6C5-267D07E87799}.Debug|Any CPU.ActiveCfg = Debug|Any CPU
		{050FC4D2-38B7-43B4-B6C5-267D07E87799}.Debug|Any CPU.Build.0 = Debug|Any CPU
		{050FC4D2-38B7-43B4-B6C5-267D07E87799}.Release|Any CPU.ActiveCfg = Release|Any CPU
		{050FC4D2-38B7-43B4-B6C5-267D07E87799}.Release|Any CPU.Build.0 = Release|Any CPU
		{52DF21CD-3CCA-4AA4-A013-785E4BC8CAC2}.Debug|Any CPU.ActiveCfg = Debug|Any CPU
		{52DF21CD-3CCA-4AA4-A013-785E4BC8CAC2}.Debug|Any CPU.Build.0 = Debug|Any CPU
		{52DF21CD-3CCA-4AA4-A013-785E4BC8CAC2}.Release|Any CPU.ActiveCfg = Release|Any CPU
		{52DF21CD-3CCA-4AA4-A013-785E4BC8CAC2}.Release|Any CPU.Build.0 = Release|Any CPU
	EndGlobalSection
	GlobalSection(SolutionProperties) = preSolution
		HideSolutionNode = FALSE
	EndGlobalSection
	GlobalSection(NestedProjects) = preSolution
		{55B7716B-36A3-442D-9E9E-9CAAB7DB592E} = {1EB40F67-2CC2-4B0E-B601-76D76B9ABA12}
		{1EB40F67-2CC2-4B0E-B601-76D76B9ABA12} = {A2DC3B33-3CE1-48A2-9E81-D7AB2FFDED53}
		{4D8E5A01-B9F3-460F-B827-8F5E62D788F5} = {A2DC3B33-3CE1-48A2-9E81-D7AB2FFDED53}
		{855C507B-4A58-4ADE-8952-97C08EF34023} = {2F75A44B-DDBA-4461-A316-3B1FC5261A90}
		{9416C420-CD94-44DF-9E0C-55DD7C0077AA} = {855C507B-4A58-4ADE-8952-97C08EF34023}
		{41CCE2B5-92A8-4378-94B7-FEB24088EBE3} = {2F75A44B-DDBA-4461-A316-3B1FC5261A90}
		{72CCB99A-7C74-4D24-B2BD-E8928A0EB936} = {855C507B-4A58-4ADE-8952-97C08EF34023}
		{6E467E81-5C4B-4B97-822A-DF8D4E1B3C07} = {855C507B-4A58-4ADE-8952-97C08EF34023}
		{E6B77634-4920-4E06-9B40-3203957FC757} = {A2DC3B33-3CE1-48A2-9E81-D7AB2FFDED53}
		{79AD6FB8-0CBD-4A17-8EB6-DC96B7FC16C6} = {A2DC3B33-3CE1-48A2-9E81-D7AB2FFDED53}
		{90D108E3-3DEA-45AC-84A5-53DE6FFA9FF5} = {E6B77634-4920-4E06-9B40-3203957FC757}
		{35433610-CB14-4909-B890-2150B6443A25} = {79AD6FB8-0CBD-4A17-8EB6-DC96B7FC16C6}
		{97A09B32-5D2F-448A-B114-68A85AD2499E} = {79AD6FB8-0CBD-4A17-8EB6-DC96B7FC16C6}
		{FE71A014-1922-476C-A27A-F0A819C38E7E} = {79AD6FB8-0CBD-4A17-8EB6-DC96B7FC16C6}
		{D8FB9C93-4224-4EEA-AC7A-68435DA6065E} = {41CCE2B5-92A8-4378-94B7-FEB24088EBE3}
		{2F75A44B-DDBA-4461-A316-3B1FC5261A90} = {A2DC3B33-3CE1-48A2-9E81-D7AB2FFDED53}
		{7FE3FCB5-79CD-48AF-83A8-A1B30A58587D} = {4CDA259A-FA6A-48A7-931B-53F3A23D1C0A}
		{A180A6B6-1543-4E97-B37E-43A33ECFE07A} = {4CDA259A-FA6A-48A7-931B-53F3A23D1C0A}
		{637E4C69-DAF3-4C5D-99AC-241EF3FCEE31} = {4CDA259A-FA6A-48A7-931B-53F3A23D1C0A}
		{25223AEF-D330-40E5-A60F-36D481558681} = {4CDA259A-FA6A-48A7-931B-53F3A23D1C0A}
		{15AC1B9F-8417-4239-B22B-964772FE8572} = {79AD6FB8-0CBD-4A17-8EB6-DC96B7FC16C6}
		{50DF4579-2559-46EB-83DC-032EC732B5B9} = {79AD6FB8-0CBD-4A17-8EB6-DC96B7FC16C6}
		{20270D4B-CB90-4C73-AB84-D443E8292104} = {79AD6FB8-0CBD-4A17-8EB6-DC96B7FC16C6}
		{1F89F104-C08B-4537-A9A8-5C51C53376F0} = {4D8E5A01-B9F3-460F-B827-8F5E62D788F5}
		{5D63C02A-EF7C-48B4-AE88-12DCA81036AD} = {A2DC3B33-3CE1-48A2-9E81-D7AB2FFDED53}
		{C06915C5-067B-4D09-870A-98F32FD2B0F3} = {79AD6FB8-0CBD-4A17-8EB6-DC96B7FC16C6}
		{8F939D55-9425-4985-9123-78274100DB0B} = {A2DC3B33-3CE1-48A2-9E81-D7AB2FFDED53}
		{68555183-7E6F-4B6C-A908-63276D1AC73D} = {8F939D55-9425-4985-9123-78274100DB0B}
		{87A7E2EE-A7AB-4B8C-865C-C534D5E622F6} = {986F14C0-F7AB-4D84-8B85-B28B2896C972}
		{C1271AA6-876D-4D3F-AF2E-3F5097C232D3} = {986F14C0-F7AB-4D84-8B85-B28B2896C972}
		{AEE9B888-51E7-4083-877E-C5C76C3ACBAF} = {986F14C0-F7AB-4D84-8B85-B28B2896C972}
		{17930A9D-CD9F-404C-84A3-3A28022C8303} = {A2DC3B33-3CE1-48A2-9E81-D7AB2FFDED53}
		{0352F43E-27DF-4FCE-86BC-DA3F6EAD005A} = {17930A9D-CD9F-404C-84A3-3A28022C8303}
		{3ACD8D6B-B302-477A-AAF6-3383F3990F10} = {8F939D55-9425-4985-9123-78274100DB0B}
		{81E6E9D2-E870-46EE-9FCB-3EE959479A87} = {17930A9D-CD9F-404C-84A3-3A28022C8303}
		{E876D7FB-2103-44D7-84D1-2DB735423C9C} = {5D63C02A-EF7C-48B4-AE88-12DCA81036AD}
		{2D9412E9-8719-4BDA-9957-F4E9DF5DEB8F} = {5D63C02A-EF7C-48B4-AE88-12DCA81036AD}
		{7A3B48CD-B1EF-494E-8692-6D8A26997F07} = {5D63C02A-EF7C-48B4-AE88-12DCA81036AD}
		{530C1720-7CAF-407D-AD81-AA1A1FCBEB1E} = {79AD6FB8-0CBD-4A17-8EB6-DC96B7FC16C6}
		{EA6C8A0A-70FB-4D4A-B32B-BAFD3C1F0060} = {986F14C0-F7AB-4D84-8B85-B28B2896C972}
		{FE30E167-5757-4E5B-8D7B-AC86070F82F6} = {986F14C0-F7AB-4D84-8B85-B28B2896C972}
		{986F14C0-F7AB-4D84-8B85-B28B2896C972} = {8F939D55-9425-4985-9123-78274100DB0B}
		{4CDA259A-FA6A-48A7-931B-53F3A23D1C0A} = {855C507B-4A58-4ADE-8952-97C08EF34023}
		{1123A4B4-334E-462C-B8E3-C0948F673FC1} = {41CCE2B5-92A8-4378-94B7-FEB24088EBE3}
		{3FD320BD-301C-4702-807A-79BD097FEE0F} = {1123A4B4-334E-462C-B8E3-C0948F673FC1}
		{3DDA15BD-751B-4AFC-8567-C1A9D466B705} = {1123A4B4-334E-462C-B8E3-C0948F673FC1}
		{9951C29F-750E-4A76-9236-89F56580693D} = {1123A4B4-334E-462C-B8E3-C0948F673FC1}
		{B8A988B8-206E-4EAA-B450-08073E56AE32} = {1123A4B4-334E-462C-B8E3-C0948F673FC1}
		{CD519BED-67D7-4BE8-A3A5-7DDAD88CEED5} = {2F75A44B-DDBA-4461-A316-3B1FC5261A90}
		{74D4FBC6-CA3A-499C-BF06-9AADB713467F} = {1123A4B4-334E-462C-B8E3-C0948F673FC1}
		{6706907A-8932-46E7-A1C8-7575130FF8F7} = {A2DC3B33-3CE1-48A2-9E81-D7AB2FFDED53}
		{E57D18D3-26C8-4C79-B831-055EA2DF4504} = {16617A51-3D9C-4446-9B3B-D2004F5F6266}
		{A4605EC3-B183-426D-A6FA-076B2E3D3249} = {A2DC3B33-3CE1-48A2-9E81-D7AB2FFDED53}
		{7B6433B4-6151-4BF5-AF3F-9BB76CE96D75} = {A4605EC3-B183-426D-A6FA-076B2E3D3249}
		{DBDEDCFA-EB00-46F0-8485-AE89E8D4B215} = {A2DC3B33-3CE1-48A2-9E81-D7AB2FFDED53}
		{1C591ACF-69AF-4296-BACD-2C3FF278D6C5} = {DBDEDCFA-EB00-46F0-8485-AE89E8D4B215}
		{050FC4D2-38B7-43B4-B6C5-267D07E87799} = {DBDEDCFA-EB00-46F0-8485-AE89E8D4B215}
		{52DF21CD-3CCA-4AA4-A013-785E4BC8CAC2} = {DBDEDCFA-EB00-46F0-8485-AE89E8D4B215}
	EndGlobalSection
	GlobalSection(ExtensibilityGlobals) = postSolution
		SolutionGuid = {C473CC3E-36BE-4BE7-9866-EBDED23810BB}
	EndGlobalSection
EndGlobal
